
Microsoft Visual Studio Solution File, Format Version 12.00
# Visual Studio Version 16
VisualStudioVersion = 16.0.30011.22
MinimumVisualStudioVersion = 10.0.40219.1
Project("{9A19103F-16F7-4668-BE54-9A1E7A4F7556}") = "BlazorDevExpress", "BlazorDevExpress\BlazorDevExpress.csproj", "{D773E7B0-778F-45CB-8803-55F5D30057FF}"
EndProject
Project("{FAE04EC0-301F-11D3-BF4B-00C04F79EFBC}") = "BlazorDevExpress.Shared", "BlazorDevExpress.Shared\BlazorDevExpress.Shared.csproj", "{19283634-2DD2-4886-9158-0A9C8613DE35}"
EndProject
Project("{FAE04EC0-301F-11D3-BF4B-00C04F79EFBC}") = "BlazorDevExpress.Server", "BlazorDevExpress.Server\BlazorDevExpress.Server.csproj", "{82CA2794-16D4-4782-BCD0-EE6E9E170B7C}"
EndProject
Global
	GlobalSection(SolutionConfigurationPlatforms) = preSolution
		Debug|Any CPU = Debug|Any CPU
		Release|Any CPU = Release|Any CPU
	EndGlobalSection
	GlobalSection(ProjectConfigurationPlatforms) = postSolution
		{D773E7B0-778F-45CB-8803-55F5D30057FF}.Debug|Any CPU.ActiveCfg = Debug|Any CPU
		{D773E7B0-778F-45CB-8803-55F5D30057FF}.Debug|Any CPU.Build.0 = Debug|Any CPU
		{D773E7B0-778F-45CB-8803-55F5D30057FF}.Release|Any CPU.ActiveCfg = Release|Any CPU
		{D773E7B0-778F-45CB-8803-55F5D30057FF}.Release|Any CPU.Build.0 = Release|Any CPU
		{19283634-2DD2-4886-9158-0A9C8613DE35}.Debug|Any CPU.ActiveCfg = Debug|Any CPU
		{19283634-2DD2-4886-9158-0A9C8613DE35}.Debug|Any CPU.Build.0 = Debug|Any CPU
		{19283634-2DD2-4886-9158-0A9C8613DE35}.Release|Any CPU.ActiveCfg = Release|Any CPU
		{19283634-2DD2-4886-9158-0A9C8613DE35}.Release|Any CPU.Build.0 = Release|Any CPU
		{82CA2794-16D4-4782-BCD0-EE6E9E170B7C}.Debug|Any CPU.ActiveCfg = Debug|Any CPU
		{82CA2794-16D4-4782-BCD0-EE6E9E170B7C}.Debug|Any CPU.Build.0 = Debug|Any CPU
		{82CA2794-16D4-4782-BCD0-EE6E9E170B7C}.Release|Any CPU.ActiveCfg = Release|Any CPU
		{82CA2794-16D4-4782-BCD0-EE6E9E170B7C}.Release|Any CPU.Build.0 = Release|Any CPU
	EndGlobalSection
	GlobalSection(SolutionProperties) = preSolution
		HideSolutionNode = FALSE
	EndGlobalSection
	GlobalSection(ExtensibilityGlobals) = postSolution
		SolutionGuid = {15331ED2-7948-487F-B3E5-8EECDD7B7488}
	EndGlobalSection
EndGlobal
